
Microsoft Visual Studio Solution File, Format Version 12.00
# Visual Studio Version 16
VisualStudioVersion = 16.0.31112.23
MinimumVisualStudioVersion = 10.0.40219.1
Project("{FAE04EC0-301F-11D3-BF4B-00C04F79EFBC}") = "SmartHardwareShop.API", "SmartHardwareShop.API\SmartHardwareShop.API.csproj", "{84349128-DA0D-4BAA-AF9C-081AAE7B970D}"
EndProject
Project("{FAE04EC0-301F-11D3-BF4B-00C04F79EFBC}") = "SmartHardwareShop.Tests", "SmartHardwareShop.Tests\SmartHardwareShop.Tests.csproj", "{1A2CD733-6FB4-428C-8443-CB00AAA27ACD}"
EndProject
Global
	GlobalSection(SolutionConfigurationPlatforms) = preSolution
		Debug|Any CPU = Debug|Any CPU
		Release|Any CPU = Release|Any CPU
	EndGlobalSection
	GlobalSection(ProjectConfigurationPlatforms) = postSolution
		{84349128-DA0D-4BAA-AF9C-081AAE7B970D}.Debug|Any CPU.ActiveCfg = Debug|Any CPU
		{84349128-DA0D-4BAA-AF9C-081AAE7B970D}.Debug|Any CPU.Build.0 = Debug|Any CPU
		{84349128-DA0D-4BAA-AF9C-081AAE7B970D}.Release|Any CPU.ActiveCfg = Release|Any CPU
		{84349128-DA0D-4BAA-AF9C-081AAE7B970D}.Release|Any CPU.Build.0 = Release|Any CPU
		{1A2CD733-6FB4-428C-8443-CB00AAA27ACD}.Debug|Any CPU.ActiveCfg = Debug|Any CPU
		{1A2CD733-6FB4-428C-8443-CB00AAA27ACD}.Debug|Any CPU.Build.0 = Debug|Any CPU
		{1A2CD733-6FB4-428C-8443-CB00AAA27ACD}.Release|Any CPU.ActiveCfg = Release|Any CPU
		{1A2CD733-6FB4-428C-8443-CB00AAA27ACD}.Release|Any CPU.Build.0 = Release|Any CPU
	EndGlobalSection
	GlobalSection(SolutionProperties) = preSolution
		HideSolutionNode = FALSE
	EndGlobalSection
	GlobalSection(ExtensibilityGlobals) = postSolution
		SolutionGuid = {5E4448F5-E4C4-4809-805D-59D3833757DE}
	EndGlobalSection
EndGlobal
